// !$*UTF8*$!
{
	archiveVersion = 1;
	classes = {
	};
	objectVersion = 48;
	objects = {

/* Begin PBXBuildFile section */
		03FE84E32A206BB4F15E6594F73EC306 /* Meal.swift in Sources */ = {isa = PBXBuildFile; fileRef = 2E5DB4E94E7B092593CF16CDD69F17A6 /* Meal.swift */; };
		043C86F55CA2E0CAA766EB5287E89ADA /* GoogleService-Info.plist in Resources */ = {isa = PBXBuildFile; fileRef = 2BD0F6DE7683B74189FD00EE2AE75E27 /* GoogleService-Info.plist */; };
		0E7EB20DA3FCD58A0241FE3DA83957FA /* Pods_FoodApp_iosTests.framework in Frameworks */ = {isa = PBXBuildFile; fileRef = 530A43D0342CA5C7A3FD886F3BD8B866 /* Pods_FoodApp_iosTests.framework */; };
		23EAA13D72D0010C9462B2CEF67C03F1 /* MealsTableViewCell.swift in Sources */ = {isa = PBXBuildFile; fileRef = 23998E8B1152CE536C05278DA504261C /* MealsTableViewCell.swift */; };
		248C0CBDC3B538BDD1F11B68977A1995 /* Localizable.strings in Resources */ = {isa = PBXBuildFile; fileRef = 9892C39102E0D527791666C8ECFD9C17 /* Localizable.strings */; };
		2B14A6AEF1AF6973023BB127EED7E27E /* MealsViewController.swift in Sources */ = {isa = PBXBuildFile; fileRef = 6EAE5846D6EC69FE3E40E7348703277A /* MealsViewController.swift */; };
		31B8B51A71817F57DC6AA2EB41B03AA9 /* MealsViewModel.swift in Sources */ = {isa = PBXBuildFile; fileRef = 670B567E2E8D4DD3B76A84B54A62C1FB /* MealsViewModel.swift */; };
		32F00F8FF960503F7525A15AE00024C8 /* Assets.xcassets in Resources */ = {isa = PBXBuildFile; fileRef = DD967FBB0444A2F5CCF947FEFC0BD422 /* Assets.xcassets */; };
		38D67D9B245943CB6CF738114423B943 /* FoodApp_iosUITests.swift in Sources */ = {isa = PBXBuildFile; fileRef = 374E108C62E0EA06827DC8881BFF4041 /* FoodApp_iosUITests.swift */; };
		5454F8A647AC616515A9A9B21D2F2A7F /* GoogleService-Info-dev.plist in Resources */ = {isa = PBXBuildFile; fileRef = DE388CADBB83F6AEEEF82AB727ED2D0E /* GoogleService-Info-dev.plist */; };
		579F56C403EECFBFEA190501EAC037AC /* Pods_FoodApp_ios.framework in Frameworks */ = {isa = PBXBuildFile; fileRef = E67F9E7DCFEB8C79989B812082424BDD /* Pods_FoodApp_ios.framework */; };
		57EC8F6EADD07D87508CC54EA277AB61 /* Localizable.strings in Resources */ = {isa = PBXBuildFile; fileRef = 9892C39102E0D527791666C8ECFD9C17 /* Localizable.strings */; };
		583827D41A7EF1EF80F25CBBA0A05251 /* Main.storyboard in Resources */ = {isa = PBXBuildFile; fileRef = 9C79218593A2F25A16943B87FEE57CB9 /* Main.storyboard */; };
		5B05D9BF206CD138000DBB08 /* SignInViewController.swift in Sources */ = {isa = PBXBuildFile; fileRef = 9DAAAAC9F6F7A2DAC370AD82059B45FC /* SignInViewController.swift */; };
		5B05D9C0206CD139000DBB08 /* SignInViewController.swift in Sources */ = {isa = PBXBuildFile; fileRef = 9DAAAAC9F6F7A2DAC370AD82059B45FC /* SignInViewController.swift */; };
		5BFFF628206BA28E007B1E5B /* SignInViewModel.swift in Sources */ = {isa = PBXBuildFile; fileRef = D77FA46AAED4B0426656A3A2FCF2324B /* SignInViewModel.swift */; };
		5BFFF62C206BBA19007B1E5B /* Ratings.swift in Sources */ = {isa = PBXBuildFile; fileRef = 5BFFF62B206BBA19007B1E5B /* Ratings.swift */; };
		5BFFF62E206BBAF0007B1E5B /* Ratings.swift in Sources */ = {isa = PBXBuildFile; fileRef = 5BFFF62B206BBA19007B1E5B /* Ratings.swift */; };
		5BFFF636206C9F46007B1E5B /* AppDelegate.swift in Sources */ = {isa = PBXBuildFile; fileRef = 19DA3CFD20CC49FAE7939B0749DB62EE /* AppDelegate.swift */; };
		5BFFF637206C9F49007B1E5B /* AppDelegate.swift in Sources */ = {isa = PBXBuildFile; fileRef = 19DA3CFD20CC49FAE7939B0749DB62EE /* AppDelegate.swift */; };
		5BFFF63C206C9F73007B1E5B /* FoodAppClient.swift in Sources */ = {isa = PBXBuildFile; fileRef = 5BFFF629206BB9A3007B1E5B /* FoodAppClient.swift */; };
		5BFFF63D206C9F74007B1E5B /* FoodAppClient.swift in Sources */ = {isa = PBXBuildFile; fileRef = 5BFFF629206BB9A3007B1E5B /* FoodAppClient.swift */; };
		6044573B910B8703233C62B05FA117BF /* MealItem.swift in Sources */ = {isa = PBXBuildFile; fileRef = 314BF7F2485751438789FDE64C734832 /* MealItem.swift */; };
		68D1428A1F50B9C99DE6B7E7ECFA15D5 /* MealsViewModel.swift in Sources */ = {isa = PBXBuildFile; fileRef = 670B567E2E8D4DD3B76A84B54A62C1FB /* MealsViewModel.swift */; };
		6E2DA489B51CE07A545AC0C0DB8EEAC0 /* RatingControl.swift in Sources */ = {isa = PBXBuildFile; fileRef = 06EFF87534E5831D1670B160C3808A11 /* RatingControl.swift */; };
		808849889C88ACBB8CA7C8DABA87A990 /* CircleButton.swift in Sources */ = {isa = PBXBuildFile; fileRef = 63EE2696629B94CA17C5572E71C57B51 /* CircleButton.swift */; };
		896C5027BE1B8E685D8F5EBD49A14BE6 /* SignInViewModel.swift in Sources */ = {isa = PBXBuildFile; fileRef = D77FA46AAED4B0426656A3A2FCF2324B /* SignInViewModel.swift */; };
		8DDBA5D72B6E3F5587858F3A5C06AAE8 /* RatingTableViewCell.swift in Sources */ = {isa = PBXBuildFile; fileRef = B4A4C4738DBAC0C58642D068A0BE3E08 /* RatingTableViewCell.swift */; };
		9CAA6DE924AA4859555A40C70AF680DB /* RatingViewController.swift in Sources */ = {isa = PBXBuildFile; fileRef = D81871BF3B8068C40B0AA9B92602012C /* RatingViewController.swift */; };
		AEA50E3AC8B7058D877912AC9F994CEE /* MealItem.swift in Sources */ = {isa = PBXBuildFile; fileRef = 314BF7F2485751438789FDE64C734832 /* MealItem.swift */; };
		B17BAE2CA7B5A5400DB3D127 /* Pods_FoodApp_ios_FoodApp_ios_dev.framework in Frameworks */ = {isa = PBXBuildFile; fileRef = 7C7750E006420C0390367427129FA28D /* Pods_FoodApp_ios_FoodApp_ios_dev.framework */; };
		C6252C0147F473E09C3B6971E3EE2884 /* (null) in Resources */ = {isa = PBXBuildFile; };
		CD6E3B2F20752C0D007020DE /* MealsTableViewCell.swift in Sources */ = {isa = PBXBuildFile; fileRef = 23998E8B1152CE536C05278DA504261C /* MealsTableViewCell.swift */; };
		CD6E3B3020752C39007020DE /* RatingViewModel.swift in Sources */ = {isa = PBXBuildFile; fileRef = FFB0AC89FE79099498073D2A73F609DC /* RatingViewModel.swift */; };
		CD6E3B3120752C39007020DE /* RatingViewModel.swift in Sources */ = {isa = PBXBuildFile; fileRef = FFB0AC89FE79099498073D2A73F609DC /* RatingViewModel.swift */; };
		CD6E3B3220752D3C007020DE /* Assets.xcassets in Resources */ = {isa = PBXBuildFile; fileRef = DD967FBB0444A2F5CCF947FEFC0BD422 /* Assets.xcassets */; };
		CD6E3B332075322E007020DE /* Main.storyboard in Resources */ = {isa = PBXBuildFile; fileRef = 9C79218593A2F25A16943B87FEE57CB9 /* Main.storyboard */; };
		CD6E3B74207CDC65007020DE /* SettingsViewController.swift in Sources */ = {isa = PBXBuildFile; fileRef = CD6E3B73207CDC65007020DE /* SettingsViewController.swift */; };
		CD6E3B75207CDC65007020DE /* SettingsViewController.swift in Sources */ = {isa = PBXBuildFile; fileRef = CD6E3B73207CDC65007020DE /* SettingsViewController.swift */; };
		CD6E3B77207CDC85007020DE /* SettingsViewModel.swift in Sources */ = {isa = PBXBuildFile; fileRef = CD6E3B76207CDC85007020DE /* SettingsViewModel.swift */; };
		CD6E3B78207CDC85007020DE /* SettingsViewModel.swift in Sources */ = {isa = PBXBuildFile; fileRef = CD6E3B76207CDC85007020DE /* SettingsViewModel.swift */; };
		CE4E3D22D035A046989CCD98562D2DCB /* EntryViewController.swift in Sources */ = {isa = PBXBuildFile; fileRef = 7489AC996C29FB92C2B5DAC2526A374F /* EntryViewController.swift */; };
		CEAAC638EA775E394AA88BCED8281ACE /* RatingTableViewCell.swift in Sources */ = {isa = PBXBuildFile; fileRef = B4A4C4738DBAC0C58642D068A0BE3E08 /* RatingTableViewCell.swift */; };
		D578D42F5E783E292ECE6ACC3AE009CB /* Meal.swift in Sources */ = {isa = PBXBuildFile; fileRef = 2E5DB4E94E7B092593CF16CDD69F17A6 /* Meal.swift */; };
		D71738F9DF6B6C1A2229D174972A2D64 /* RatingControl.swift in Sources */ = {isa = PBXBuildFile; fileRef = 06EFF87534E5831D1670B160C3808A11 /* RatingControl.swift */; };
		D97E037F4AA4E5AFACDA63190BD555E9 /* (null) in Resources */ = {isa = PBXBuildFile; };
		E58642E30DAA6451C577AA0390BFB7CE /* CircleButton.swift in Sources */ = {isa = PBXBuildFile; fileRef = 63EE2696629B94CA17C5572E71C57B51 /* CircleButton.swift */; };
		E6B408F4D66F92BB0699D6722EC61708 /* RatingViewModelTests.swift in Sources */ = {isa = PBXBuildFile; fileRef = 457A135E60C3603F82BC9291D0489C12 /* RatingViewModelTests.swift */; };
		E79D628EB234A243F046A2C9FFA309B1 /* Pods_FoodApp_iosUITests.framework in Frameworks */ = {isa = PBXBuildFile; fileRef = 04D1C8E262B6E8033830FC0CB0F4CABC /* Pods_FoodApp_iosUITests.framework */; };
		EA1F0BD89BC3AED5A9F70A716CE7874A /* MealsViewController.swift in Sources */ = {isa = PBXBuildFile; fileRef = 6EAE5846D6EC69FE3E40E7348703277A /* MealsViewController.swift */; };
		EAE32C54C2F791F1708D97D17E0B18C1 /* CircleLabel.swift in Sources */ = {isa = PBXBuildFile; fileRef = 8587074777D13BA6691925A49ACAD0F7 /* CircleLabel.swift */; };
		EE49792611B1819606F73520D76D0B96 /* FoodApp_iosTests.swift in Sources */ = {isa = PBXBuildFile; fileRef = D0FCDA086A714F51522FE71BD70F42C5 /* FoodApp_iosTests.swift */; };
		F2FCB67D9383DF7BF773CC859C3EFC60 /* EntryViewController.swift in Sources */ = {isa = PBXBuildFile; fileRef = 7489AC996C29FB92C2B5DAC2526A374F /* EntryViewController.swift */; };
		F7A818E8299A28D15A4BC1684092FB86 /* CircleLabel.swift in Sources */ = {isa = PBXBuildFile; fileRef = 8587074777D13BA6691925A49ACAD0F7 /* CircleLabel.swift */; };
		FBC92C8CD09C008915AB63E05FFD208D /* RatingViewController.swift in Sources */ = {isa = PBXBuildFile; fileRef = D81871BF3B8068C40B0AA9B92602012C /* RatingViewController.swift */; };
/* End PBXBuildFile section */

/* Begin PBXContainerItemProxy section */
		462B80DEB97682F570694D15EFD45655 /* PBXContainerItemProxy */ = {
			isa = PBXContainerItemProxy;
			containerPortal = BFE4838E45925BD09ABE7AEFDB1FB87B /* Project object */;
			proxyType = 1;
			remoteGlobalIDString = D4E9CD4F20D5FFBF7337B8CB5985C014;
			remoteInfo = "FoodApp-ios";
		};
		CA2044CF7BE38D47926E001D95FE70E3 /* PBXContainerItemProxy */ = {
			isa = PBXContainerItemProxy;
			containerPortal = BFE4838E45925BD09ABE7AEFDB1FB87B /* Project object */;
			proxyType = 1;
			remoteGlobalIDString = D4E9CD4F20D5FFBF7337B8CB5985C014;
			remoteInfo = "FoodApp-ios";
		};
/* End PBXContainerItemProxy section */

/* Begin PBXFileReference section */
		04D1C8E262B6E8033830FC0CB0F4CABC /* Pods_FoodApp_iosUITests.framework */ = {isa = PBXFileReference; explicitFileType = wrapper.framework; path = Pods_FoodApp_iosUITests.framework; sourceTree = BUILT_PRODUCTS_DIR; };
		06EFF87534E5831D1670B160C3808A11 /* RatingControl.swift */ = {isa = PBXFileReference; fileEncoding = 4; lastKnownFileType = sourcecode.swift; path = RatingControl.swift; sourceTree = "<group>"; };
		16214B80013503867F842438FF76F8B4 /* FoodApp-ios.h */ = {isa = PBXFileReference; lastKnownFileType = sourcecode.c.h; path = "FoodApp-ios.h"; sourceTree = "<group>"; };
		19DA3CFD20CC49FAE7939B0749DB62EE /* AppDelegate.swift */ = {isa = PBXFileReference; lastKnownFileType = sourcecode.swift; path = AppDelegate.swift; sourceTree = "<group>"; };
		224E8C235B1B4A97F93C7D73 /* Pods-FoodApp-ios-FoodApp-ios dev.debug.xcconfig */ = {isa = PBXFileReference; includeInIndex = 1; lastKnownFileType = text.xcconfig; name = "Pods-FoodApp-ios-FoodApp-ios dev.debug.xcconfig"; path = "Pods/Target Support Files/Pods-FoodApp-ios-FoodApp-ios dev/Pods-FoodApp-ios-FoodApp-ios dev.debug.xcconfig"; sourceTree = "<group>"; };
		23998E8B1152CE536C05278DA504261C /* MealsTableViewCell.swift */ = {isa = PBXFileReference; fileEncoding = 4; lastKnownFileType = sourcecode.swift; path = MealsTableViewCell.swift; sourceTree = "<group>"; };
		286E787AE5831A866F241046758EC41C /* Pods-FoodApp-iosUITests.release.xcconfig */ = {isa = PBXFileReference; includeInIndex = 1; lastKnownFileType = text.xcconfig; name = "Pods-FoodApp-iosUITests.release.xcconfig"; path = "Pods/Target Support Files/Pods-FoodApp-iosUITests/Pods-FoodApp-iosUITests.release.xcconfig"; sourceTree = "<group>"; };
		2BD0F6DE7683B74189FD00EE2AE75E27 /* GoogleService-Info.plist */ = {isa = PBXFileReference; fileEncoding = 4; lastKnownFileType = text.plist.xml; path = "GoogleService-Info.plist"; sourceTree = "<group>"; };
		2E5DB4E94E7B092593CF16CDD69F17A6 /* Meal.swift */ = {isa = PBXFileReference; lastKnownFileType = sourcecode.swift; path = Meal.swift; sourceTree = "<group>"; wrapsLines = 0; };
		2FDA99539BCFEFC82AE95457 /* Pods-FoodApp-iosTests.release.xcconfig */ = {isa = PBXFileReference; includeInIndex = 1; lastKnownFileType = text.xcconfig; name = "Pods-FoodApp-iosTests.release.xcconfig"; path = "Pods/Target Support Files/Pods-FoodApp-iosTests/Pods-FoodApp-iosTests.release.xcconfig"; sourceTree = "<group>"; };
		314BF7F2485751438789FDE64C734832 /* MealItem.swift */ = {isa = PBXFileReference; lastKnownFileType = sourcecode.swift; path = MealItem.swift; sourceTree = "<group>"; };
		3592B6456888F002E8206A31BDA70FA8 /* GTMSessionFetcher.framework */ = {isa = PBXFileReference; explicitFileType = wrapper.framework; path = GTMSessionFetcher.framework; sourceTree = BUILT_PRODUCTS_DIR; };
		374E108C62E0EA06827DC8881BFF4041 /* FoodApp_iosUITests.swift */ = {isa = PBXFileReference; lastKnownFileType = sourcecode.swift; path = FoodApp_iosUITests.swift; sourceTree = "<group>"; };
		457A135E60C3603F82BC9291D0489C12 /* RatingViewModelTests.swift */ = {isa = PBXFileReference; lastKnownFileType = sourcecode.swift; path = RatingViewModelTests.swift; sourceTree = "<group>"; };
		530A43D0342CA5C7A3FD886F3BD8B866 /* Pods_FoodApp_iosTests.framework */ = {isa = PBXFileReference; explicitFileType = wrapper.framework; includeInIndex = 0; path = Pods_FoodApp_iosTests.framework; sourceTree = BUILT_PRODUCTS_DIR; };
		5AD2E1D31F8BCF2804E4F40FB3EF5A37 /* Info.plist */ = {isa = PBXFileReference; lastKnownFileType = text.plist.xml; path = Info.plist; sourceTree = "<group>"; };
		5BFFF629206BB9A3007B1E5B /* FoodAppClient.swift */ = {isa = PBXFileReference; lastKnownFileType = sourcecode.swift; path = FoodAppClient.swift; sourceTree = "<group>"; };
		5BFFF62B206BBA19007B1E5B /* Ratings.swift */ = {isa = PBXFileReference; lastKnownFileType = sourcecode.swift; path = Ratings.swift; sourceTree = "<group>"; };
		5C5ED2CB1C5E0981501A42CDD6600EDE /* FoodApp-ios dev.app */ = {isa = PBXFileReference; explicitFileType = wrapper.application; includeInIndex = 0; path = "FoodApp-ios dev.app"; sourceTree = BUILT_PRODUCTS_DIR; };
		5DF984857D6007CBC216AD0A3104A58D /* nanopb.framework */ = {isa = PBXFileReference; explicitFileType = wrapper.framework; path = nanopb.framework; sourceTree = BUILT_PRODUCTS_DIR; };
		62D9F9409F16F57F33F9A3F4 /* Pods-FoodApp-ios.release.xcconfig */ = {isa = PBXFileReference; includeInIndex = 1; lastKnownFileType = text.xcconfig; name = "Pods-FoodApp-ios.release.xcconfig"; path = "Pods/Target Support Files/Pods-FoodApp-ios/Pods-FoodApp-ios.release.xcconfig"; sourceTree = "<group>"; };
		63EE2696629B94CA17C5572E71C57B51 /* CircleButton.swift */ = {isa = PBXFileReference; lastKnownFileType = sourcecode.swift; path = CircleButton.swift; sourceTree = "<group>"; };
		661A27202DB42A69AD53835931936F6D /* uniquify_projects.sh */ = {isa = PBXFileReference; lastKnownFileType = text.script.sh; path = uniquify_projects.sh; sourceTree = "<group>"; };
		670B567E2E8D4DD3B76A84B54A62C1FB /* MealsViewModel.swift */ = {isa = PBXFileReference; lastKnownFileType = sourcecode.swift; path = MealsViewModel.swift; sourceTree = "<group>"; };
		6EAE5846D6EC69FE3E40E7348703277A /* MealsViewController.swift */ = {isa = PBXFileReference; lastKnownFileType = sourcecode.swift; path = MealsViewController.swift; sourceTree = "<group>"; };
		71A98104D66FDEA21E498108914D2D3E /* leveldb.framework */ = {isa = PBXFileReference; explicitFileType = wrapper.framework; path = leveldb.framework; sourceTree = BUILT_PRODUCTS_DIR; };
		7489AC996C29FB92C2B5DAC2526A374F /* EntryViewController.swift */ = {isa = PBXFileReference; lastKnownFileType = sourcecode.swift; path = EntryViewController.swift; sourceTree = "<group>"; };
		7C7750E006420C0390367427129FA28D /* Pods_FoodApp_ios_FoodApp_ios_dev.framework */ = {isa = PBXFileReference; explicitFileType = wrapper.framework; includeInIndex = 0; path = Pods_FoodApp_ios_FoodApp_ios_dev.framework; sourceTree = BUILT_PRODUCTS_DIR; };
		8587074777D13BA6691925A49ACAD0F7 /* CircleLabel.swift */ = {isa = PBXFileReference; lastKnownFileType = sourcecode.swift; path = CircleLabel.swift; sourceTree = "<group>"; };
		8A9E22B2D69499857947BECEC32933AC /* GTMOAuth2.framework */ = {isa = PBXFileReference; explicitFileType = wrapper.framework; path = GTMOAuth2.framework; sourceTree = BUILT_PRODUCTS_DIR; };
		96F36926F7C5ED83C68D6E4FA99A107B /* Info.plist */ = {isa = PBXFileReference; lastKnownFileType = text.plist.xml; path = Info.plist; sourceTree = "<group>"; };
		9892C39102E0D527791666C8ECFD9C17 /* Localizable.strings */ = {isa = PBXFileReference; lastKnownFileType = text.plist.strings; path = Localizable.strings; sourceTree = "<group>"; };
		9C79218593A2F25A16943B87FEE57CB9 /* Main.storyboard */ = {isa = PBXFileReference; fileEncoding = 4; lastKnownFileType = file.storyboard; path = Main.storyboard; sourceTree = "<group>"; };
		9DAAAAC9F6F7A2DAC370AD82059B45FC /* SignInViewController.swift */ = {isa = PBXFileReference; lastKnownFileType = sourcecode.swift; path = SignInViewController.swift; sourceTree = "<group>"; };
		AFA885212EF6E065F526CE470E4AF3DD /* Pods_FoodApp_ios_dev.framework */ = {isa = PBXFileReference; explicitFileType = wrapper.framework; includeInIndex = 0; path = Pods_FoodApp_ios_dev.framework; sourceTree = BUILT_PRODUCTS_DIR; };
		B4A4C4738DBAC0C58642D068A0BE3E08 /* RatingTableViewCell.swift */ = {isa = PBXFileReference; lastKnownFileType = sourcecode.swift; path = RatingTableViewCell.swift; sourceTree = "<group>"; };
		B6E367F4B9E73338146ABB62CA5C3B1D /* FoodApp-ios.app */ = {isa = PBXFileReference; explicitFileType = wrapper.application; includeInIndex = 0; path = "FoodApp-ios.app"; sourceTree = BUILT_PRODUCTS_DIR; };
		C1C3EF0AA1DB0A84F0370D9BC8593702 /* Info.plist */ = {isa = PBXFileReference; lastKnownFileType = text.plist.xml; path = Info.plist; sourceTree = "<group>"; };
		C4405AB186B19C26128BC6D3 /* Pods-FoodApp-ios-FoodApp-ios dev.release.xcconfig */ = {isa = PBXFileReference; includeInIndex = 1; lastKnownFileType = text.xcconfig; name = "Pods-FoodApp-ios-FoodApp-ios dev.release.xcconfig"; path = "Pods/Target Support Files/Pods-FoodApp-ios-FoodApp-ios dev/Pods-FoodApp-ios-FoodApp-ios dev.release.xcconfig"; sourceTree = "<group>"; };
		CD6E3B73207CDC65007020DE /* SettingsViewController.swift */ = {isa = PBXFileReference; lastKnownFileType = sourcecode.swift; path = SettingsViewController.swift; sourceTree = "<group>"; };
		CD6E3B76207CDC85007020DE /* SettingsViewModel.swift */ = {isa = PBXFileReference; lastKnownFileType = sourcecode.swift; path = SettingsViewModel.swift; sourceTree = "<group>"; };
		D0FCDA086A714F51522FE71BD70F42C5 /* FoodApp_iosTests.swift */ = {isa = PBXFileReference; lastKnownFileType = sourcecode.swift; path = FoodApp_iosTests.swift; sourceTree = "<group>"; };
		D77FA46AAED4B0426656A3A2FCF2324B /* SignInViewModel.swift */ = {isa = PBXFileReference; lastKnownFileType = sourcecode.swift; path = SignInViewModel.swift; sourceTree = "<group>"; };
		D81871BF3B8068C40B0AA9B92602012C /* RatingViewController.swift */ = {isa = PBXFileReference; lastKnownFileType = sourcecode.swift; path = RatingViewController.swift; sourceTree = "<group>"; };
		D82AD046ADC95E8002F22D638C433026 /* Pods-FoodApp-iosTests.debug.xcconfig */ = {isa = PBXFileReference; includeInIndex = 1; lastKnownFileType = text.xcconfig; name = "Pods-FoodApp-iosTests.debug.xcconfig"; path = "Pods/Target Support Files/Pods-FoodApp-iosTests/Pods-FoodApp-iosTests.debug.xcconfig"; sourceTree = "<group>"; };
		DD967FBB0444A2F5CCF947FEFC0BD422 /* Assets.xcassets */ = {isa = PBXFileReference; lastKnownFileType = folder.assetcatalog; path = Assets.xcassets; sourceTree = "<group>"; };
		DE388CADBB83F6AEEEF82AB727ED2D0E /* GoogleService-Info-dev.plist */ = {isa = PBXFileReference; fileEncoding = 4; lastKnownFileType = text.plist.xml; path = "GoogleService-Info-dev.plist"; sourceTree = "<group>"; };
		E1566855B4B1040A52B519BFED3C5DCF /* Pods-FoodApp-iosUITests.debug.xcconfig */ = {isa = PBXFileReference; includeInIndex = 1; lastKnownFileType = text.xcconfig; name = "Pods-FoodApp-iosUITests.debug.xcconfig"; path = "Pods/Target Support Files/Pods-FoodApp-iosUITests/Pods-FoodApp-iosUITests.debug.xcconfig"; sourceTree = "<group>"; };
		E67F9E7DCFEB8C79989B812082424BDD /* Pods_FoodApp_ios.framework */ = {isa = PBXFileReference; explicitFileType = wrapper.framework; includeInIndex = 0; path = Pods_FoodApp_ios.framework; sourceTree = BUILT_PRODUCTS_DIR; };
		F1C3F8701DD95E8855E0A4E0 /* Pods-FoodApp-ios.debug.xcconfig */ = {isa = PBXFileReference; includeInIndex = 1; lastKnownFileType = text.xcconfig; name = "Pods-FoodApp-ios.debug.xcconfig"; path = "Pods/Target Support Files/Pods-FoodApp-ios/Pods-FoodApp-ios.debug.xcconfig"; sourceTree = "<group>"; };
		F49232E9CC2D7C74D2DD1591EA25A70D /* GoogleToolboxForMac.framework */ = {isa = PBXFileReference; explicitFileType = wrapper.framework; path = GoogleToolboxForMac.framework; sourceTree = BUILT_PRODUCTS_DIR; };
		FFB0AC89FE79099498073D2A73F609DC /* RatingViewModel.swift */ = {isa = PBXFileReference; lastKnownFileType = sourcecode.swift; path = RatingViewModel.swift; sourceTree = "<group>"; };
/* End PBXFileReference section */

/* Begin PBXFrameworksBuildPhase section */
		4EA5DF97BC62DC5891185F954D90F380 /* Frameworks */ = {
			isa = PBXFrameworksBuildPhase;
			buildActionMask = 2147483647;
			files = (
				0E7EB20DA3FCD58A0241FE3DA83957FA /* Pods_FoodApp_iosTests.framework in Frameworks */,
			);
			runOnlyForDeploymentPostprocessing = 0;
		};
		89C7E4224BA4CA9A118029B4A07F22A8 /* Frameworks */ = {
			isa = PBXFrameworksBuildPhase;
			buildActionMask = 2147483647;
			files = (
				579F56C403EECFBFEA190501EAC037AC /* Pods_FoodApp_ios.framework in Frameworks */,
			);
			runOnlyForDeploymentPostprocessing = 0;
		};
		A2D36CCF07C92134C4E29078DF355284 /* Frameworks */ = {
			isa = PBXFrameworksBuildPhase;
			buildActionMask = 2147483647;
			files = (
				E79D628EB234A243F046A2C9FFA309B1 /* Pods_FoodApp_iosUITests.framework in Frameworks */,
			);
			runOnlyForDeploymentPostprocessing = 0;
		};
		AB9720262DC700893BA35B2E0243D950 /* Frameworks */ = {
			isa = PBXFrameworksBuildPhase;
			buildActionMask = 2147483647;
			files = (
				B17BAE2CA7B5A5400DB3D127 /* Pods_FoodApp_ios_FoodApp_ios_dev.framework in Frameworks */,
			);
			runOnlyForDeploymentPostprocessing = 0;
		};
/* End PBXFrameworksBuildPhase section */

/* Begin PBXGroup section */
		1742C30A09D0FAC6C66B865ED65022EC /* Core */ = {
			isa = PBXGroup;
			children = (
				9C1BED116A382852EA6F94F70C8C5D49 /* ViewModel */,
			);
			path = Core;
			sourceTree = "<group>";
		};
		2BDCF7C00ED389BCDEC12956BC7D2C1F /* Other */ = {
			isa = PBXGroup;
			children = (
				9C79218593A2F25A16943B87FEE57CB9 /* Main.storyboard */,
			);
			path = Other;
			sourceTree = "<group>";
		};
		38B246E47F023B937E1038D2F78AB6B7 /* Base */ = {
			isa = PBXGroup;
			children = (
				7489AC996C29FB92C2B5DAC2526A374F /* EntryViewController.swift */,
				9DAAAAC9F6F7A2DAC370AD82059B45FC /* SignInViewController.swift */,
			);
			path = Base;
			sourceTree = "<group>";
		};
		3EA3BC57EE71BF6429FFB352FD3B6B26 /* Source */ = {
			isa = PBXGroup;
			children = (
				E9FDE2DCDCF65B3D903826E765CA3ECF /* App */,
				1742C30A09D0FAC6C66B865ED65022EC /* Core */,
				AFBD573D867DB9AAD4C605FAFB83DEE8 /* Data */,
			);
			path = Source;
			sourceTree = "<group>";
		};
		542C5F15BF7B45B367C897DE2DA24D64 = {
			isa = PBXGroup;
			children = (
				D72CD924577B8725DE0A17875AC6E359 /* FoodApp-iosTests */,
				9C54F3403BFACB9B13E8E18DCB376113 /* FoodApp-iosUITests */,
				C8ECE4B7AD44012531772348BBC21C30 /* Frameworks */,
				93E38B8A89A3A9742E33FCAE45C0F6A6 /* Pods */,
				C7B24849027C49DF42C9A42042B76C5A /* Products */,
				650D70F80A06F1D291B4D6673B14618A /* Resources */,
				AFC38F96F8F697125C223176011240DA /* Scripts */,
				3EA3BC57EE71BF6429FFB352FD3B6B26 /* Source */,
			);
			sourceTree = "<group>";
		};
		599A722AEA24D04679D2919C81245A49 /* Bridging-headers */ = {
			isa = PBXGroup;
			children = (
				16214B80013503867F842438FF76F8B4 /* FoodApp-ios.h */,
			);
			path = "Bridging-headers";
			sourceTree = "<group>";
		};
		650D70F80A06F1D291B4D6673B14618A /* Resources */ = {
			isa = PBXGroup;
			children = (
				DD967FBB0444A2F5CCF947FEFC0BD422 /* Assets.xcassets */,
				DE388CADBB83F6AEEEF82AB727ED2D0E /* GoogleService-Info-dev.plist */,
				2BD0F6DE7683B74189FD00EE2AE75E27 /* GoogleService-Info.plist */,
				96F36926F7C5ED83C68D6E4FA99A107B /* Info.plist */,
				9892C39102E0D527791666C8ECFD9C17 /* Localizable.strings */,
			);
			path = Resources;
			sourceTree = "<group>";
		};
		6EF817BF143C9567C85E9F7AFF41D1A8 /* Model */ = {
			isa = PBXGroup;
			children = (
				2E5DB4E94E7B092593CF16CDD69F17A6 /* Meal.swift */,
				314BF7F2485751438789FDE64C734832 /* MealItem.swift */,
				5BFFF62B206BBA19007B1E5B /* Ratings.swift */,
			);
			path = Model;
			sourceTree = "<group>";
		};
		83CA167F9D48491529DE410627172744 /* Common */ = {
			isa = PBXGroup;
			children = (
				23998E8B1152CE536C05278DA504261C /* MealsTableViewCell.swift */,
				6EAE5846D6EC69FE3E40E7348703277A /* MealsViewController.swift */,
				06EFF87534E5831D1670B160C3808A11 /* RatingControl.swift */,
				B4A4C4738DBAC0C58642D068A0BE3E08 /* RatingTableViewCell.swift */,
				D81871BF3B8068C40B0AA9B92602012C /* RatingViewController.swift */,
				CD6E3B73207CDC65007020DE /* SettingsViewController.swift */,
			);
			path = Common;
			sourceTree = "<group>";
		};
		93E38B8A89A3A9742E33FCAE45C0F6A6 /* Pods */ = {
			isa = PBXGroup;
			children = (
				D82AD046ADC95E8002F22D638C433026 /* Pods-FoodApp-iosTests.debug.xcconfig */,
				E1566855B4B1040A52B519BFED3C5DCF /* Pods-FoodApp-iosUITests.debug.xcconfig */,
				286E787AE5831A866F241046758EC41C /* Pods-FoodApp-iosUITests.release.xcconfig */,
				F1C3F8701DD95E8855E0A4E0 /* Pods-FoodApp-ios.debug.xcconfig */,
				62D9F9409F16F57F33F9A3F4 /* Pods-FoodApp-ios.release.xcconfig */,
				224E8C235B1B4A97F93C7D73 /* Pods-FoodApp-ios-FoodApp-ios dev.debug.xcconfig */,
				C4405AB186B19C26128BC6D3 /* Pods-FoodApp-ios-FoodApp-ios dev.release.xcconfig */,
				2FDA99539BCFEFC82AE95457 /* Pods-FoodApp-iosTests.release.xcconfig */,
			);
			name = Pods;
			sourceTree = "<group>";
		};
		9C1BED116A382852EA6F94F70C8C5D49 /* ViewModel */ = {
			isa = PBXGroup;
			children = (
				670B567E2E8D4DD3B76A84B54A62C1FB /* MealsViewModel.swift */,
				FFB0AC89FE79099498073D2A73F609DC /* RatingViewModel.swift */,
				D77FA46AAED4B0426656A3A2FCF2324B /* SignInViewModel.swift */,
				CD6E3B76207CDC85007020DE /* SettingsViewModel.swift */,
			);
			path = ViewModel;
			sourceTree = "<group>";
		};
		9C54F3403BFACB9B13E8E18DCB376113 /* FoodApp-iosUITests */ = {
			isa = PBXGroup;
			children = (
				374E108C62E0EA06827DC8881BFF4041 /* FoodApp_iosUITests.swift */,
				C1C3EF0AA1DB0A84F0370D9BC8593702 /* Info.plist */,
			);
			path = "FoodApp-iosUITests";
			sourceTree = "<group>";
		};
		AFBD573D867DB9AAD4C605FAFB83DEE8 /* Data */ = {
			isa = PBXGroup;
			children = (
				6EF817BF143C9567C85E9F7AFF41D1A8 /* Model */,
				B8D6F661327ED5DA67632D1F9DBC144D /* Utility */,
				5BFFF629206BB9A3007B1E5B /* FoodAppClient.swift */,
			);
			path = Data;
			sourceTree = "<group>";
		};
		AFC38F96F8F697125C223176011240DA /* Scripts */ = {
			isa = PBXGroup;
			children = (
				661A27202DB42A69AD53835931936F6D /* uniquify_projects.sh */,
			);
			path = Scripts;
			sourceTree = "<group>";
		};
		B8D6F661327ED5DA67632D1F9DBC144D /* Utility */ = {
			isa = PBXGroup;
			children = (
				599A722AEA24D04679D2919C81245A49 /* Bridging-headers */,
			);
			path = Utility;
			sourceTree = "<group>";
		};
		BB2E9C861068DE9E756123EBE4E8CE75 /* CustomControls */ = {
			isa = PBXGroup;
			children = (
				63EE2696629B94CA17C5572E71C57B51 /* CircleButton.swift */,
				8587074777D13BA6691925A49ACAD0F7 /* CircleLabel.swift */,
			);
			path = CustomControls;
			sourceTree = "<group>";
		};
		C7B24849027C49DF42C9A42042B76C5A /* Products */ = {
			isa = PBXGroup;
			children = (
				5C5ED2CB1C5E0981501A42CDD6600EDE /* FoodApp-ios dev.app */,
				B6E367F4B9E73338146ABB62CA5C3B1D /* FoodApp-ios.app */,
			);
			name = Products;
			sourceTree = "<group>";
		};
		C865A8225F46E5EAA09A38128D2D9302 /* Global */ = {
			isa = PBXGroup;
			children = (
				19DA3CFD20CC49FAE7939B0749DB62EE /* AppDelegate.swift */,
			);
			path = Global;
			sourceTree = "<group>";
		};
		C8ECE4B7AD44012531772348BBC21C30 /* Frameworks */ = {
			isa = PBXGroup;
			children = (
				8A9E22B2D69499857947BECEC32933AC /* GTMOAuth2.framework */,
				3592B6456888F002E8206A31BDA70FA8 /* GTMSessionFetcher.framework */,
				F49232E9CC2D7C74D2DD1591EA25A70D /* GoogleToolboxForMac.framework */,
				E67F9E7DCFEB8C79989B812082424BDD /* Pods_FoodApp_ios.framework */,
				530A43D0342CA5C7A3FD886F3BD8B866 /* Pods_FoodApp_iosTests.framework */,
				04D1C8E262B6E8033830FC0CB0F4CABC /* Pods_FoodApp_iosUITests.framework */,
				7C7750E006420C0390367427129FA28D /* Pods_FoodApp_ios_FoodApp_ios_dev.framework */,
				AFA885212EF6E065F526CE470E4AF3DD /* Pods_FoodApp_ios_dev.framework */,
				71A98104D66FDEA21E498108914D2D3E /* leveldb.framework */,
				5DF984857D6007CBC216AD0A3104A58D /* nanopb.framework */,
			);
			name = Frameworks;
			sourceTree = "<group>";
		};
		D64E91F819194D795D3AE3CB9EDEDE92 /* UI */ = {
			isa = PBXGroup;
			children = (
				38B246E47F023B937E1038D2F78AB6B7 /* Base */,
				83CA167F9D48491529DE410627172744 /* Common */,
				BB2E9C861068DE9E756123EBE4E8CE75 /* CustomControls */,
				2BDCF7C00ED389BCDEC12956BC7D2C1F /* Other */,
			);
			path = UI;
			sourceTree = "<group>";
		};
		D72CD924577B8725DE0A17875AC6E359 /* FoodApp-iosTests */ = {
			isa = PBXGroup;
			children = (
				5AD2E1D31F8BCF2804E4F40FB3EF5A37 /* Info.plist */,
				D0FCDA086A714F51522FE71BD70F42C5 /* FoodApp_iosTests.swift */,
				457A135E60C3603F82BC9291D0489C12 /* RatingViewModelTests.swift */,
			);
			path = "FoodApp-iosTests";
			sourceTree = "<group>";
		};
		E9FDE2DCDCF65B3D903826E765CA3ECF /* App */ = {
			isa = PBXGroup;
			children = (
				C865A8225F46E5EAA09A38128D2D9302 /* Global */,
				D64E91F819194D795D3AE3CB9EDEDE92 /* UI */,
			);
			path = App;
			sourceTree = "<group>";
		};
/* End PBXGroup section */

/* Begin PBXNativeTarget section */
		0715BB1977E9C28635460237E4430ED2 /* FoodApp-ios dev */ = {
			isa = PBXNativeTarget;
			buildConfigurationList = 00F7815621B98DAFAA47994A2F26B71B /* Build configuration list for PBXNativeTarget "FoodApp-ios dev" */;
			buildPhases = (
				943142F7BDDDC66C18E77E9C /* [CP] Check Pods Manifest.lock */,
				1FA5FD9465660476ACF794726E7C0314 /* Sources */,
				AB9720262DC700893BA35B2E0243D950 /* Frameworks */,
				B11549D711559B2F8506C383946F82E1 /* Resources */,
				229AB95048159789C30B244C /* [CP] Embed Pods Frameworks */,
				C4C7F9BC90DDB74297BD028A /* [CP] Copy Pods Resources */,
			);
			buildRules = (
			);
			dependencies = (
			);
			name = "FoodApp-ios dev";
			productName = "FoodApp-ios";
			productReference = 5C5ED2CB1C5E0981501A42CDD6600EDE /* FoodApp-ios dev.app */;
			productType = "com.apple.product-type.application";
		};
		5139DA00B50569B5C77AB5510E0744D0 /* FoodApp-iosTests */ = {
			isa = PBXNativeTarget;
			buildConfigurationList = 5BE4C8098E3060E29BB2BB9F85FEAE84 /* Build configuration list for PBXNativeTarget "FoodApp-iosTests" */;
			buildPhases = (
				C531EAAA6C5071BD31A712E8 /* [CP] Check Pods Manifest.lock */,
				CBDD0DD997EBAA88759CC50D7DFC122E /* [CP] Embed Pods Frameworks */,
				2C8C78BA847CF8A063E1C4299E2E597B /* Sources */,
				4EA5DF97BC62DC5891185F954D90F380 /* Frameworks */,
				770A932FABBC80B013C7D91363732AAD /* Resources */,
				C5DBDC375D49784916C5B3D7D469590C /* [CP] Copy Pods Resources */,
			);
			buildRules = (
			);
			dependencies = (
				452E4EB74EE0C4B82A707C0743AE00C7 /* PBXTargetDependency */,
			);
			name = "FoodApp-iosTests";
			productName = "FoodApp-iosTests";
			productType = "com.apple.product-type.bundle.unit-test";
		};
		51F40C2B52CB02CC7760F48E5A1CDB7E /* FoodApp-iosUITests */ = {
			isa = PBXNativeTarget;
			buildConfigurationList = D91B1338C109FB55076BF6C9C8D7E9E6 /* Build configuration list for PBXNativeTarget "FoodApp-iosUITests" */;
			buildPhases = (
				E1F400CCF807BD0117A514AF /* [CP] Check Pods Manifest.lock */,
				A56990C82B9C0352CEF5E8DDE4A0084D /* [CP] Copy Pods Resources */,
				50F62720786F35FC5ED6EFFADB5B5BBE /* Sources */,
				A2D36CCF07C92134C4E29078DF355284 /* Frameworks */,
				894445B53DC633481BFE884B8E00C468 /* Resources */,
				5A01EA7C3D69E73C5E2E2A03D6F1F281 /* [CP] Embed Pods Frameworks */,
			);
			buildRules = (
			);
			dependencies = (
				847A7510EC6DEC5FDBA4EBEEBE1FDE94 /* PBXTargetDependency */,
			);
			name = "FoodApp-iosUITests";
			productName = "FoodApp-iosUITests";
			productType = "com.apple.product-type.bundle.ui-testing";
		};
		D4E9CD4F20D5FFBF7337B8CB5985C014 /* FoodApp-ios */ = {
			isa = PBXNativeTarget;
			buildConfigurationList = 0C890862C9AC76FB8541EB1E5E4BCF5D /* Build configuration list for PBXNativeTarget "FoodApp-ios" */;
			buildPhases = (
				138932EAF3D420974B043FFB46149B2F /* [CP] Check Pods Manifest.lock */,
				FE49CD0BF4F476A62379CB08E80C6CBE /* Sources */,
				89C7E4224BA4CA9A118029B4A07F22A8 /* Frameworks */,
				A47C5DDEA951CBC805BBD5358BA19FBD /* Resources */,
				E05303EE3EB2B1DEE33D548BDADA6C14 /* [CP] Embed Pods Frameworks */,
				8DCC24220CC024167EE15CE6BC265BBD /* [CP] Copy Pods Resources */,
			);
			buildRules = (
			);
			dependencies = (
			);
			name = "FoodApp-ios";
			productName = "FoodApp-ios";
			productReference = B6E367F4B9E73338146ABB62CA5C3B1D /* FoodApp-ios.app */;
			productType = "com.apple.product-type.application";
		};
/* End PBXNativeTarget section */

/* Begin PBXProject section */
		BFE4838E45925BD09ABE7AEFDB1FB87B /* Project object */ = {
			isa = PBXProject;
			attributes = {
				LastSwiftUpdateCheck = 0920;
				LastUpgradeCheck = 0920;
				ORGANIZATIONNAME = "Paul Kahohi";
				TargetAttributes = {
					0715BB1977E9C28635460237E4430ED2 = {
						ProvisioningStyle = Automatic;
					};
					5139DA00B50569B5C77AB5510E0744D0 = {
						CreatedOnToolsVersion = 9.2;
						ProvisioningStyle = Automatic;
						TestTargetID = D4E9CD4F20D5FFBF7337B8CB5985C014;
					};
					51F40C2B52CB02CC7760F48E5A1CDB7E = {
						CreatedOnToolsVersion = 9.2;
						ProvisioningStyle = Automatic;
						TestTargetID = D4E9CD4F20D5FFBF7337B8CB5985C014;
					};
					D4E9CD4F20D5FFBF7337B8CB5985C014 = {
						CreatedOnToolsVersion = 9.2;
						ProvisioningStyle = Automatic;
					};
				};
			};
			buildConfigurationList = 316AF8F69D1F651A10EB63BD98AE2A23 /* Build configuration list for PBXProject "FoodApp-ios" */;
			compatibilityVersion = "Xcode 8.0";
			developmentRegion = en;
			hasScannedForEncodings = 0;
			knownRegions = (
				en,
				Base,
			);
			mainGroup = 542C5F15BF7B45B367C897DE2DA24D64;
			productRefGroup = C7B24849027C49DF42C9A42042B76C5A /* Products */;
			projectDirPath = "";
			projectRoot = "";
			targets = (
				D4E9CD4F20D5FFBF7337B8CB5985C014 /* FoodApp-ios */,
				0715BB1977E9C28635460237E4430ED2 /* FoodApp-ios dev */,
				5139DA00B50569B5C77AB5510E0744D0 /* FoodApp-iosTests */,
				51F40C2B52CB02CC7760F48E5A1CDB7E /* FoodApp-iosUITests */,
			);
		};
/* End PBXProject section */

/* Begin PBXResourcesBuildPhase section */
		770A932FABBC80B013C7D91363732AAD /* Resources */ = {
			isa = PBXResourcesBuildPhase;
			buildActionMask = 2147483647;
			files = (
			);
			runOnlyForDeploymentPostprocessing = 0;
		};
		894445B53DC633481BFE884B8E00C468 /* Resources */ = {
			isa = PBXResourcesBuildPhase;
			buildActionMask = 2147483647;
			files = (
			);
			runOnlyForDeploymentPostprocessing = 0;
		};
		A47C5DDEA951CBC805BBD5358BA19FBD /* Resources */ = {
			isa = PBXResourcesBuildPhase;
			buildActionMask = 2147483647;
			files = (
				32F00F8FF960503F7525A15AE00024C8 /* Assets.xcassets in Resources */,
				CD6E3B332075322E007020DE /* Main.storyboard in Resources */,
				043C86F55CA2E0CAA766EB5287E89ADA /* GoogleService-Info.plist in Resources */,
				D97E037F4AA4E5AFACDA63190BD555E9 /* (null) in Resources */,
				57EC8F6EADD07D87508CC54EA277AB61 /* Localizable.strings in Resources */,
			);
			runOnlyForDeploymentPostprocessing = 0;
		};
		B11549D711559B2F8506C383946F82E1 /* Resources */ = {
			isa = PBXResourcesBuildPhase;
			buildActionMask = 2147483647;
			files = (
				5454F8A647AC616515A9A9B21D2F2A7F /* GoogleService-Info-dev.plist in Resources */,
				C6252C0147F473E09C3B6971E3EE2884 /* (null) in Resources */,
				248C0CBDC3B538BDD1F11B68977A1995 /* Localizable.strings in Resources */,
				583827D41A7EF1EF80F25CBBA0A05251 /* Main.storyboard in Resources */,
				CD6E3B3220752D3C007020DE /* Assets.xcassets in Resources */,
			);
			runOnlyForDeploymentPostprocessing = 0;
		};
/* End PBXResourcesBuildPhase section */

/* Begin PBXShellScriptBuildPhase section */
		138932EAF3D420974B043FFB46149B2F /* [CP] Check Pods Manifest.lock */ = {
			isa = PBXShellScriptBuildPhase;
			buildActionMask = 2147483647;
			files = (
			);
			inputPaths = (
				"${PODS_PODFILE_DIR_PATH}/Podfile.lock",
				"${PODS_ROOT}/Manifest.lock",
			);
			name = "[CP] Check Pods Manifest.lock";
			outputPaths = (
				"$(DERIVED_FILE_DIR)/Pods-FoodApp-ios-checkManifestLockResult.txt",
			);
			runOnlyForDeploymentPostprocessing = 0;
			shellPath = /bin/sh;
			shellScript = "diff \"${PODS_PODFILE_DIR_PATH}/Podfile.lock\" \"${PODS_ROOT}/Manifest.lock\" > /dev/null\nif [ $? != 0 ] ; then\n    # print error to STDERR\n    echo \"error: The sandbox is not in sync with the Podfile.lock. Run 'pod install' or update your CocoaPods installation.\" >&2\n    exit 1\nfi\n# This output is used by Xcode 'outputs' to avoid re-running this script phase.\necho \"SUCCESS\" > \"${SCRIPT_OUTPUT_FILE_0}\"\n";
			showEnvVarsInLog = 0;
		};
		229AB95048159789C30B244C /* [CP] Embed Pods Frameworks */ = {
			isa = PBXShellScriptBuildPhase;
			buildActionMask = 2147483647;
			files = (
			);
			inputPaths = (
				"${SRCROOT}/Pods/Target Support Files/Pods-FoodApp-ios-FoodApp-ios dev/Pods-FoodApp-ios-FoodApp-ios dev-frameworks.sh",
				"${BUILT_PRODUCTS_DIR}/GTMOAuth2/GTMOAuth2.framework",
				"${BUILT_PRODUCTS_DIR}/GTMSessionFetcher/GTMSessionFetcher.framework",
				"${BUILT_PRODUCTS_DIR}/GoogleToolboxForMac-f0850809/GoogleToolboxForMac.framework",
				"${BUILT_PRODUCTS_DIR}/leveldb-library/leveldb.framework",
				"${BUILT_PRODUCTS_DIR}/nanopb/nanopb.framework",
			);
			name = "[CP] Embed Pods Frameworks";
			outputPaths = (
				"${TARGET_BUILD_DIR}/${FRAMEWORKS_FOLDER_PATH}/GTMOAuth2.framework",
				"${TARGET_BUILD_DIR}/${FRAMEWORKS_FOLDER_PATH}/GTMSessionFetcher.framework",
				"${TARGET_BUILD_DIR}/${FRAMEWORKS_FOLDER_PATH}/GoogleToolboxForMac.framework",
				"${TARGET_BUILD_DIR}/${FRAMEWORKS_FOLDER_PATH}/leveldb.framework",
				"${TARGET_BUILD_DIR}/${FRAMEWORKS_FOLDER_PATH}/nanopb.framework",
			);
			runOnlyForDeploymentPostprocessing = 0;
			shellPath = /bin/sh;
			shellScript = "\"${SRCROOT}/Pods/Target Support Files/Pods-FoodApp-ios-FoodApp-ios dev/Pods-FoodApp-ios-FoodApp-ios dev-frameworks.sh\"\n";
			showEnvVarsInLog = 0;
		};
		5A01EA7C3D69E73C5E2E2A03D6F1F281 /* [CP] Embed Pods Frameworks */ = {
			isa = PBXShellScriptBuildPhase;
			buildActionMask = 2147483647;
			files = (
			);
			inputPaths = (
			);
			name = "[CP] Embed Pods Frameworks";
			outputPaths = (
			);
			runOnlyForDeploymentPostprocessing = 0;
			shellPath = /bin/sh;
			shellScript = "\"${SRCROOT}/Pods/Target Support Files/Pods-FoodApp-iosUITests/Pods-FoodApp-iosUITests-frameworks.sh\"\n";
			showEnvVarsInLog = 0;
		};
		8DCC24220CC024167EE15CE6BC265BBD /* [CP] Copy Pods Resources */ = {
			isa = PBXShellScriptBuildPhase;
			buildActionMask = 2147483647;
			files = (
			);
			inputPaths = (
				"${SRCROOT}/Pods/Target Support Files/Pods-FoodApp-ios/Pods-FoodApp-ios-resources.sh",
				"${PODS_ROOT}/GoogleSignIn/Resources/GoogleSignIn.bundle",
			);
			name = "[CP] Copy Pods Resources";
			outputPaths = (
				"${TARGET_BUILD_DIR}/${UNLOCALIZED_RESOURCES_FOLDER_PATH}/GoogleSignIn.bundle",
			);
			runOnlyForDeploymentPostprocessing = 0;
			shellPath = /bin/sh;
			shellScript = "\"${SRCROOT}/Pods/Target Support Files/Pods-FoodApp-ios/Pods-FoodApp-ios-resources.sh\"\n";
			showEnvVarsInLog = 0;
		};
		943142F7BDDDC66C18E77E9C /* [CP] Check Pods Manifest.lock */ = {
			isa = PBXShellScriptBuildPhase;
			buildActionMask = 2147483647;
			files = (
			);
			inputPaths = (
				"${PODS_PODFILE_DIR_PATH}/Podfile.lock",
				"${PODS_ROOT}/Manifest.lock",
			);
			name = "[CP] Check Pods Manifest.lock";
			outputPaths = (
				"$(DERIVED_FILE_DIR)/Pods-FoodApp-ios-FoodApp-ios dev-checkManifestLockResult.txt",
			);
			runOnlyForDeploymentPostprocessing = 0;
			shellPath = /bin/sh;
			shellScript = "diff \"${PODS_PODFILE_DIR_PATH}/Podfile.lock\" \"${PODS_ROOT}/Manifest.lock\" > /dev/null\nif [ $? != 0 ] ; then\n    # print error to STDERR\n    echo \"error: The sandbox is not in sync with the Podfile.lock. Run 'pod install' or update your CocoaPods installation.\" >&2\n    exit 1\nfi\n# This output is used by Xcode 'outputs' to avoid re-running this script phase.\necho \"SUCCESS\" > \"${SCRIPT_OUTPUT_FILE_0}\"\n";
			showEnvVarsInLog = 0;
		};
		A56990C82B9C0352CEF5E8DDE4A0084D /* [CP] Copy Pods Resources */ = {
			isa = PBXShellScriptBuildPhase;
			buildActionMask = 2147483647;
			files = (
			);
			inputPaths = (
				"${SRCROOT}/Pods/Target Support Files/Pods-FoodApp-ios/Pods-FoodApp-ios-resources.sh",
				"${PODS_ROOT}/GoogleSignIn/Resources/GoogleSignIn.bundle",
			);
			name = "[CP] Copy Pods Resources";
			outputPaths = (
				"$(DERIVED_FILE_DIR)/Pods-FoodApp-iosUITests-checkManifestLockResult.txt",
			);
			runOnlyForDeploymentPostprocessing = 0;
			shellPath = /bin/sh;
			shellScript = "\"${SRCROOT}/Pods/Target Support Files/Pods-FoodApp-iosUITests/Pods-FoodApp-iosUITests-resources.sh\"\n";
			showEnvVarsInLog = 0;
		};
		C4C7F9BC90DDB74297BD028A /* [CP] Copy Pods Resources */ = {
			isa = PBXShellScriptBuildPhase;
			buildActionMask = 2147483647;
			files = (
			);
			inputPaths = (
				"${SRCROOT}/Pods/Target Support Files/Pods-FoodApp-ios-FoodApp-ios dev/Pods-FoodApp-ios-FoodApp-ios dev-resources.sh",
				"${PODS_ROOT}/GoogleSignIn/Resources/GoogleSignIn.bundle",
			);
			name = "[CP] Copy Pods Resources";
			outputPaths = (
				"${TARGET_BUILD_DIR}/${UNLOCALIZED_RESOURCES_FOLDER_PATH}/GoogleSignIn.bundle",
			);
			runOnlyForDeploymentPostprocessing = 0;
			shellPath = /bin/sh;
			shellScript = "\"${SRCROOT}/Pods/Target Support Files/Pods-FoodApp-ios-FoodApp-ios dev/Pods-FoodApp-ios-FoodApp-ios dev-resources.sh\"\n";
			showEnvVarsInLog = 0;
		};
		C531EAAA6C5071BD31A712E8 /* [CP] Check Pods Manifest.lock */ = {
			isa = PBXShellScriptBuildPhase;
			buildActionMask = 2147483647;
			files = (
			);
			inputPaths = (
				"${PODS_PODFILE_DIR_PATH}/Podfile.lock",
				"${PODS_ROOT}/Manifest.lock",
			);
			name = "[CP] Check Pods Manifest.lock";
			outputPaths = (
				"$(DERIVED_FILE_DIR)/Pods-FoodApp-iosTests-checkManifestLockResult.txt",
			);
			runOnlyForDeploymentPostprocessing = 0;
			shellPath = /bin/sh;
			shellScript = "diff \"${PODS_PODFILE_DIR_PATH}/Podfile.lock\" \"${PODS_ROOT}/Manifest.lock\" > /dev/null\nif [ $? != 0 ] ; then\n    # print error to STDERR\n    echo \"error: The sandbox is not in sync with the Podfile.lock. Run 'pod install' or update your CocoaPods installation.\" >&2\n    exit 1\nfi\n# This output is used by Xcode 'outputs' to avoid re-running this script phase.\necho \"SUCCESS\" > \"${SCRIPT_OUTPUT_FILE_0}\"\n";
			showEnvVarsInLog = 0;
		};
		C5DBDC375D49784916C5B3D7D469590C /* [CP] Copy Pods Resources */ = {
			isa = PBXShellScriptBuildPhase;
			buildActionMask = 2147483647;
			files = (
			);
			inputPaths = (
				"${PODS_PODFILE_DIR_PATH}/Podfile.lock",
				"${PODS_ROOT}/Manifest.lock",
			);
			name = "[CP] Copy Pods Resources";
			outputPaths = (
				"$(DERIVED_FILE_DIR)/Pods-FoodApp-iosTests-checkManifestLockResult.txt",
			);
			runOnlyForDeploymentPostprocessing = 0;
			shellPath = /bin/sh;
			shellScript = "\"${SRCROOT}/Pods/Target Support Files/Pods-FoodApp-iosTests/Pods-FoodApp-iosTests-resources.sh\"\n";
			showEnvVarsInLog = 0;
		};
		CBDD0DD997EBAA88759CC50D7DFC122E /* [CP] Embed Pods Frameworks */ = {
			isa = PBXShellScriptBuildPhase;
			buildActionMask = 2147483647;
			files = (
			);
			inputPaths = (
				"${SRCROOT}/Pods/Target Support Files/Pods-FoodApp-iosTests/Pods-FoodApp-iosTests-frameworks.sh",
				"${BUILT_PRODUCTS_DIR}/GoogleToolboxForMac-Defines-NSData+zlib/GoogleToolboxForMac.framework",
				"${BUILT_PRODUCTS_DIR}/nanopb/nanopb.framework",
			);
			name = "[CP] Embed Pods Frameworks";
			outputPaths = (
				"${TARGET_BUILD_DIR}/${FRAMEWORKS_FOLDER_PATH}/GoogleToolboxForMac.framework",
				"${TARGET_BUILD_DIR}/${FRAMEWORKS_FOLDER_PATH}/nanopb.framework",
			);
			runOnlyForDeploymentPostprocessing = 0;
			shellPath = /bin/sh;
			shellScript = "\"${SRCROOT}/Pods/Target Support Files/Pods-FoodApp-iosTests/Pods-FoodApp-iosTests-frameworks.sh\"\n";
			showEnvVarsInLog = 0;
		};
		E05303EE3EB2B1DEE33D548BDADA6C14 /* [CP] Embed Pods Frameworks */ = {
			isa = PBXShellScriptBuildPhase;
			buildActionMask = 2147483647;
			files = (
			);
			inputPaths = (
				"${SRCROOT}/Pods/Target Support Files/Pods-FoodApp-ios/Pods-FoodApp-ios-frameworks.sh",
				"${BUILT_PRODUCTS_DIR}/GTMOAuth2/GTMOAuth2.framework",
				"${BUILT_PRODUCTS_DIR}/GTMSessionFetcher/GTMSessionFetcher.framework",
				"${BUILT_PRODUCTS_DIR}/GoogleToolboxForMac-f0850809/GoogleToolboxForMac.framework",
				"${BUILT_PRODUCTS_DIR}/leveldb-library/leveldb.framework",
				"${BUILT_PRODUCTS_DIR}/nanopb/nanopb.framework",
			);
			name = "[CP] Embed Pods Frameworks";
			outputPaths = (
				"${TARGET_BUILD_DIR}/${FRAMEWORKS_FOLDER_PATH}/GTMOAuth2.framework",
				"${TARGET_BUILD_DIR}/${FRAMEWORKS_FOLDER_PATH}/GTMSessionFetcher.framework",
				"${TARGET_BUILD_DIR}/${FRAMEWORKS_FOLDER_PATH}/GoogleToolboxForMac.framework",
				"${TARGET_BUILD_DIR}/${FRAMEWORKS_FOLDER_PATH}/leveldb.framework",
				"${TARGET_BUILD_DIR}/${FRAMEWORKS_FOLDER_PATH}/nanopb.framework",
			);
			runOnlyForDeploymentPostprocessing = 0;
			shellPath = /bin/sh;
			shellScript = "\"${SRCROOT}/Pods/Target Support Files/Pods-FoodApp-ios/Pods-FoodApp-ios-frameworks.sh\"\n";
			showEnvVarsInLog = 0;
		};
		E1F400CCF807BD0117A514AF /* [CP] Check Pods Manifest.lock */ = {
			isa = PBXShellScriptBuildPhase;
			buildActionMask = 2147483647;
			files = (
			);
			inputPaths = (
				"${PODS_PODFILE_DIR_PATH}/Podfile.lock",
				"${PODS_ROOT}/Manifest.lock",
			);
			name = "[CP] Check Pods Manifest.lock";
			outputPaths = (
				"$(DERIVED_FILE_DIR)/Pods-FoodApp-iosUITests-checkManifestLockResult.txt",
			);
			runOnlyForDeploymentPostprocessing = 0;
			shellPath = /bin/sh;
			shellScript = "diff \"${PODS_PODFILE_DIR_PATH}/Podfile.lock\" \"${PODS_ROOT}/Manifest.lock\" > /dev/null\nif [ $? != 0 ] ; then\n    # print error to STDERR\n    echo \"error: The sandbox is not in sync with the Podfile.lock. Run 'pod install' or update your CocoaPods installation.\" >&2\n    exit 1\nfi\n# This output is used by Xcode 'outputs' to avoid re-running this script phase.\necho \"SUCCESS\" > \"${SCRIPT_OUTPUT_FILE_0}\"\n";
			showEnvVarsInLog = 0;
		};
/* End PBXShellScriptBuildPhase section */

/* Begin PBXSourcesBuildPhase section */
		1FA5FD9465660476ACF794726E7C0314 /* Sources */ = {
			isa = PBXSourcesBuildPhase;
			buildActionMask = 2147483647;
			files = (
				5BFFF62E206BBAF0007B1E5B /* Ratings.swift in Sources */,
				E58642E30DAA6451C577AA0390BFB7CE /* CircleButton.swift in Sources */,
				EAE32C54C2F791F1708D97D17E0B18C1 /* CircleLabel.swift in Sources */,
				CE4E3D22D035A046989CCD98562D2DCB /* EntryViewController.swift in Sources */,
				D578D42F5E783E292ECE6ACC3AE009CB /* Meal.swift in Sources */,
				CD6E3B78207CDC85007020DE /* SettingsViewModel.swift in Sources */,
				6044573B910B8703233C62B05FA117BF /* MealItem.swift in Sources */,
				5B05D9C0206CD139000DBB08 /* SignInViewController.swift in Sources */,
				EA1F0BD89BC3AED5A9F70A716CE7874A /* MealsViewController.swift in Sources */,
				CD6E3B2F20752C0D007020DE /* MealsTableViewCell.swift in Sources */,
				31B8B51A71817F57DC6AA2EB41B03AA9 /* MealsViewModel.swift in Sources */,
				CD6E3B3120752C39007020DE /* RatingViewModel.swift in Sources */,
				6E2DA489B51CE07A545AC0C0DB8EEAC0 /* RatingControl.swift in Sources */,
				CEAAC638EA775E394AA88BCED8281ACE /* RatingTableViewCell.swift in Sources */,
				FBC92C8CD09C008915AB63E05FFD208D /* RatingViewController.swift in Sources */,
				5BFFF636206C9F46007B1E5B /* AppDelegate.swift in Sources */,
				5BFFF628206BA28E007B1E5B /* SignInViewModel.swift in Sources */,
				5BFFF63C206C9F73007B1E5B /* FoodAppClient.swift in Sources */,
				CD6E3B75207CDC65007020DE /* SettingsViewController.swift in Sources */,
			);
			runOnlyForDeploymentPostprocessing = 0;
		};
		2C8C78BA847CF8A063E1C4299E2E597B /* Sources */ = {
			isa = PBXSourcesBuildPhase;
			buildActionMask = 2147483647;
			files = (
				EE49792611B1819606F73520D76D0B96 /* FoodApp_iosTests.swift in Sources */,
				E6B408F4D66F92BB0699D6722EC61708 /* RatingViewModelTests.swift in Sources */,
			);
			runOnlyForDeploymentPostprocessing = 0;
		};
		50F62720786F35FC5ED6EFFADB5B5BBE /* Sources */ = {
			isa = PBXSourcesBuildPhase;
			buildActionMask = 2147483647;
			files = (
				38D67D9B245943CB6CF738114423B943 /* FoodApp_iosUITests.swift in Sources */,
			);
			runOnlyForDeploymentPostprocessing = 0;
		};
		FE49CD0BF4F476A62379CB08E80C6CBE /* Sources */ = {
			isa = PBXSourcesBuildPhase;
			buildActionMask = 2147483647;
			files = (
				808849889C88ACBB8CA7C8DABA87A990 /* CircleButton.swift in Sources */,
				5BFFF62C206BBA19007B1E5B /* Ratings.swift in Sources */,
				F7A818E8299A28D15A4BC1684092FB86 /* CircleLabel.swift in Sources */,
				F2FCB67D9383DF7BF773CC859C3EFC60 /* EntryViewController.swift in Sources */,
				03FE84E32A206BB4F15E6594F73EC306 /* Meal.swift in Sources */,
				CD6E3B77207CDC85007020DE /* SettingsViewModel.swift in Sources */,
				AEA50E3AC8B7058D877912AC9F994CEE /* MealItem.swift in Sources */,
				23EAA13D72D0010C9462B2CEF67C03F1 /* MealsTableViewCell.swift in Sources */,
				5B05D9BF206CD138000DBB08 /* SignInViewController.swift in Sources */,
				2B14A6AEF1AF6973023BB127EED7E27E /* MealsViewController.swift in Sources */,
				68D1428A1F50B9C99DE6B7E7ECFA15D5 /* MealsViewModel.swift in Sources */,
				CD6E3B3020752C39007020DE /* RatingViewModel.swift in Sources */,
				D71738F9DF6B6C1A2229D174972A2D64 /* RatingControl.swift in Sources */,
				8DDBA5D72B6E3F5587858F3A5C06AAE8 /* RatingTableViewCell.swift in Sources */,
				9CAA6DE924AA4859555A40C70AF680DB /* RatingViewController.swift in Sources */,
				5BFFF637206C9F49007B1E5B /* AppDelegate.swift in Sources */,
				896C5027BE1B8E685D8F5EBD49A14BE6 /* SignInViewModel.swift in Sources */,
				5BFFF63D206C9F74007B1E5B /* FoodAppClient.swift in Sources */,
				CD6E3B74207CDC65007020DE /* SettingsViewController.swift in Sources */,
			);
			runOnlyForDeploymentPostprocessing = 0;
		};
/* End PBXSourcesBuildPhase section */

/* Begin PBXTargetDependency section */
		452E4EB74EE0C4B82A707C0743AE00C7 /* PBXTargetDependency */ = {
			isa = PBXTargetDependency;
			target = D4E9CD4F20D5FFBF7337B8CB5985C014 /* FoodApp-ios */;
			targetProxy = CA2044CF7BE38D47926E001D95FE70E3 /* PBXContainerItemProxy */;
		};
		847A7510EC6DEC5FDBA4EBEEBE1FDE94 /* PBXTargetDependency */ = {
			isa = PBXTargetDependency;
			target = D4E9CD4F20D5FFBF7337B8CB5985C014 /* FoodApp-ios */;
			targetProxy = 462B80DEB97682F570694D15EFD45655 /* PBXContainerItemProxy */;
		};
/* End PBXTargetDependency section */

/* Begin XCBuildConfiguration section */
		11817514C58375AAB1A289951CDFC06F /* Release */ = {
			isa = XCBuildConfiguration;
			baseConfigurationReference = 2FDA99539BCFEFC82AE95457 /* Pods-FoodApp-iosTests.release.xcconfig */;
			buildSettings = {
				ALWAYS_EMBED_SWIFT_STANDARD_LIBRARIES = YES;
				BUNDLE_LOADER = "$(TEST_HOST)";
				CODE_SIGN_STYLE = Automatic;
				DEVELOPMENT_TEAM = 9AZW6937TU;
				INFOPLIST_FILE = "FoodApp-iosTests/Info.plist";
				LD_RUNPATH_SEARCH_PATHS = "$(inherited) @executable_path/Frameworks @loader_path/Frameworks";
				PRODUCT_BUNDLE_IDENTIFIER = "com.andela.FoodApp-iosTests";
				PRODUCT_NAME = "$(TARGET_NAME)";
				SWIFT_VERSION = 4.0;
				TARGETED_DEVICE_FAMILY = "1,2";
				TEST_HOST = "$(BUILT_PRODUCTS_DIR)/FoodApp-ios.app/FoodApp-ios";
			};
			name = Release;
		};
		1286D4F7160CA7182FC26CE69B095EF5 /* Release */ = {
			isa = XCBuildConfiguration;
			baseConfigurationReference = 62D9F9409F16F57F33F9A3F4 /* Pods-FoodApp-ios.release.xcconfig */;
			buildSettings = {
				ASSETCATALOG_COMPILER_APPICON_NAME = AppIcon;
				"CODE_SIGN_IDENTITY[sdk=iphoneos*]" = "iPhone Developer";
				CODE_SIGN_STYLE = Automatic;
				DEVELOPMENT_TEAM = "";
				INFOPLIST_FILE = "$(SRCROOT)/Resources/Info.plist";
				LD_RUNPATH_SEARCH_PATHS = "$(inherited) @executable_path/Frameworks";
				PRODUCT_BUNDLE_IDENTIFIER = "com.andela.FoodApp-ios";
				PRODUCT_NAME = "$(TARGET_NAME)";
				PROVISIONING_PROFILE_SPECIFIER = "";
				SWIFT_VERSION = 4.0;
				TARGETED_DEVICE_FAMILY = "1,2";
			};
			name = Release;
		};
		2547F43AC5A43AC95DBF6BE78025D84A /* Release */ = {
			isa = XCBuildConfiguration;
			baseConfigurationReference = 286E787AE5831A866F241046758EC41C /* Pods-FoodApp-iosUITests.release.xcconfig */;
			buildSettings = {
				ALWAYS_EMBED_SWIFT_STANDARD_LIBRARIES = YES;
				CODE_SIGN_STYLE = Automatic;
				DEVELOPMENT_TEAM = 9AZW6937TU;
				INFOPLIST_FILE = "FoodApp-iosUITests/Info.plist";
				LD_RUNPATH_SEARCH_PATHS = "$(inherited) @executable_path/Frameworks @loader_path/Frameworks";
				PRODUCT_BUNDLE_IDENTIFIER = "com.andela.FoodApp-iosUITests";
				PRODUCT_NAME = "$(TARGET_NAME)";
				SWIFT_VERSION = 4.0;
				TARGETED_DEVICE_FAMILY = "1,2";
				TEST_TARGET_NAME = "FoodApp-ios";
			};
			name = Release;
		};
		2EB9804DB4EA916458A229BDCDC7C831 /* Release */ = {
			isa = XCBuildConfiguration;
			buildSettings = {
				ALWAYS_SEARCH_USER_PATHS = NO;
				CLANG_ANALYZER_NONNULL = YES;
				CLANG_ANALYZER_NUMBER_OBJECT_CONVERSION = YES_AGGRESSIVE;
				CLANG_CXX_LANGUAGE_STANDARD = "gnu++14";
				CLANG_CXX_LIBRARY = "libc++";
				CLANG_ENABLE_MODULES = YES;
				CLANG_ENABLE_OBJC_ARC = YES;
				CLANG_WARN_BLOCK_CAPTURE_AUTORELEASING = YES;
				CLANG_WARN_BOOL_CONVERSION = YES;
				CLANG_WARN_COMMA = YES;
				CLANG_WARN_CONSTANT_CONVERSION = YES;
				CLANG_WARN_DIRECT_OBJC_ISA_USAGE = YES_ERROR;
				CLANG_WARN_DOCUMENTATION_COMMENTS = YES;
				CLANG_WARN_EMPTY_BODY = YES;
				CLANG_WARN_ENUM_CONVERSION = YES;
				CLANG_WARN_INFINITE_RECURSION = YES;
				CLANG_WARN_INT_CONVERSION = YES;
				CLANG_WARN_NON_LITERAL_NULL_CONVERSION = YES;
				CLANG_WARN_OBJC_LITERAL_CONVERSION = YES;
				CLANG_WARN_OBJC_ROOT_CLASS = YES_ERROR;
				CLANG_WARN_RANGE_LOOP_ANALYSIS = YES;
				CLANG_WARN_STRICT_PROTOTYPES = YES;
				CLANG_WARN_SUSPICIOUS_MOVE = YES;
				CLANG_WARN_UNGUARDED_AVAILABILITY = YES_AGGRESSIVE;
				CLANG_WARN_UNREACHABLE_CODE = YES;
				CLANG_WARN__DUPLICATE_METHOD_MATCH = YES;
				CODE_SIGN_IDENTITY = "iPhone Developer";
				COPY_PHASE_STRIP = NO;
				DEBUG_INFORMATION_FORMAT = "dwarf-with-dsym";
				ENABLE_NS_ASSERTIONS = NO;
				ENABLE_STRICT_OBJC_MSGSEND = YES;
				FRAMEWORK_SEARCH_PATHS = "$(SRCROOT)";
				"FRAMEWORK_SEARCH_PATHS[arch=*]" = "$(SRCROOT)";
				GCC_C_LANGUAGE_STANDARD = gnu11;
				GCC_NO_COMMON_BLOCKS = YES;
				GCC_WARN_64_TO_32_BIT_CONVERSION = YES;
				GCC_WARN_ABOUT_RETURN_TYPE = YES_ERROR;
				GCC_WARN_UNDECLARED_SELECTOR = YES;
				GCC_WARN_UNINITIALIZED_AUTOS = YES_AGGRESSIVE;
				GCC_WARN_UNUSED_FUNCTION = YES;
				GCC_WARN_UNUSED_VARIABLE = YES;
				IPHONEOS_DEPLOYMENT_TARGET = 11.2;
				MTL_ENABLE_DEBUG_INFO = NO;
				ONLY_ACTIVE_ARCH = YES;
				SDKROOT = iphoneos;
				SWIFT_OPTIMIZATION_LEVEL = "-Owholemodule";
				VALIDATE_PRODUCT = YES;
			};
			name = Release;
		};
		36905A5BD3D961C384FB0C138B45315D /* Debug */ = {
			isa = XCBuildConfiguration;
			baseConfigurationReference = D82AD046ADC95E8002F22D638C433026 /* Pods-FoodApp-iosTests.debug.xcconfig */;
			buildSettings = {
				ALWAYS_EMBED_SWIFT_STANDARD_LIBRARIES = YES;
				BUNDLE_LOADER = "$(TEST_HOST)";
				CODE_SIGN_STYLE = Automatic;
				DEVELOPMENT_TEAM = 9AZW6937TU;
				INFOPLIST_FILE = "FoodApp-iosTests/Info.plist";
				LD_RUNPATH_SEARCH_PATHS = "$(inherited) @executable_path/Frameworks @loader_path/Frameworks";
				PRODUCT_BUNDLE_IDENTIFIER = "com.andela.FoodApp-iosTests";
				PRODUCT_NAME = "$(TARGET_NAME)";
				SWIFT_VERSION = 4.0;
				TARGETED_DEVICE_FAMILY = "1,2";
				TEST_HOST = "$(BUILT_PRODUCTS_DIR)/FoodApp-ios.app/FoodApp-ios";
			};
			name = Debug;
		};
		4EBB0FF4E787D65CB909DD921573B3D7 /* Debug */ = {
			isa = XCBuildConfiguration;
			baseConfigurationReference = F1C3F8701DD95E8855E0A4E0 /* Pods-FoodApp-ios.debug.xcconfig */;
			buildSettings = {
				ASSETCATALOG_COMPILER_APPICON_NAME = AppIcon;
				"CODE_SIGN_IDENTITY[sdk=iphoneos*]" = "iPhone Developer";
				CODE_SIGN_STYLE = Automatic;
				DEVELOPMENT_TEAM = "";
				INFOPLIST_FILE = "$(SRCROOT)/Resources/Info.plist";
				LD_RUNPATH_SEARCH_PATHS = "$(inherited) @executable_path/Frameworks";
				PRODUCT_BUNDLE_IDENTIFIER = "com.andela.FoodApp-ios";
				PRODUCT_NAME = "$(TARGET_NAME)";
				PROVISIONING_PROFILE_SPECIFIER = "";
				SWIFT_VERSION = 4.0;
				TARGETED_DEVICE_FAMILY = "1,2";
			};
			name = Debug;
		};
		7A2EE2F8B968A9919C69D47088D2487E /* Debug */ = {
			isa = XCBuildConfiguration;
			baseConfigurationReference = E1566855B4B1040A52B519BFED3C5DCF /* Pods-FoodApp-iosUITests.debug.xcconfig */;
			buildSettings = {
				ALWAYS_EMBED_SWIFT_STANDARD_LIBRARIES = YES;
				CODE_SIGN_STYLE = Automatic;
				DEVELOPMENT_TEAM = "";
				INFOPLIST_FILE = "FoodApp-iosUITests/Info.plist";
				LD_RUNPATH_SEARCH_PATHS = "$(inherited) @executable_path/Frameworks @loader_path/Frameworks";
				PRODUCT_BUNDLE_IDENTIFIER = "com.andela.FoodApp-iosUITests";
				PRODUCT_NAME = "$(TARGET_NAME)";
				SWIFT_VERSION = 4.0;
				TARGETED_DEVICE_FAMILY = "1,2";
				TEST_TARGET_NAME = "FoodApp-ios";
			};
			name = Debug;
		};
		9FBA73481B9AE5A2281153677FF8DD52 /* Debug */ = {
			isa = XCBuildConfiguration;
			baseConfigurationReference = 224E8C235B1B4A97F93C7D73 /* Pods-FoodApp-ios-FoodApp-ios dev.debug.xcconfig */;
			buildSettings = {
				ASSETCATALOG_COMPILER_APPICON_NAME = "AppIcon-dev";
				CODE_SIGN_STYLE = Automatic;
				DEVELOPMENT_TEAM = "";
				INFOPLIST_FILE = "$(SRCROOT)/Resources/dev-Info.plist";
				LD_RUNPATH_SEARCH_PATHS = "$(inherited) @executable_path/Frameworks";
				PRODUCT_BUNDLE_IDENTIFIER = "com.andela.FoodApp-ios";
				PRODUCT_NAME = "$(TARGET_NAME)";
				SWIFT_VERSION = 4.0;
				TARGETED_DEVICE_FAMILY = "1,2";
			};
			name = Debug;
		};
		D492EFC49DCF750746A1D1269AB43F79 /* Debug */ = {
			isa = XCBuildConfiguration;
			buildSettings = {
				ALWAYS_SEARCH_USER_PATHS = NO;
				CLANG_ANALYZER_NONNULL = YES;
				CLANG_ANALYZER_NUMBER_OBJECT_CONVERSION = YES_AGGRESSIVE;
				CLANG_CXX_LANGUAGE_STANDARD = "gnu++14";
				CLANG_CXX_LIBRARY = "libc++";
				CLANG_ENABLE_MODULES = YES;
				CLANG_ENABLE_OBJC_ARC = YES;
				CLANG_WARN_BLOCK_CAPTURE_AUTORELEASING = YES;
				CLANG_WARN_BOOL_CONVERSION = YES;
				CLANG_WARN_COMMA = YES;
				CLANG_WARN_CONSTANT_CONVERSION = YES;
				CLANG_WARN_DIRECT_OBJC_ISA_USAGE = YES_ERROR;
				CLANG_WARN_DOCUMENTATION_COMMENTS = YES;
				CLANG_WARN_EMPTY_BODY = YES;
				CLANG_WARN_ENUM_CONVERSION = YES;
				CLANG_WARN_INFINITE_RECURSION = YES;
				CLANG_WARN_INT_CONVERSION = YES;
				CLANG_WARN_NON_LITERAL_NULL_CONVERSION = YES;
				CLANG_WARN_OBJC_LITERAL_CONVERSION = YES;
				CLANG_WARN_OBJC_ROOT_CLASS = YES_ERROR;
				CLANG_WARN_RANGE_LOOP_ANALYSIS = YES;
				CLANG_WARN_STRICT_PROTOTYPES = YES;
				CLANG_WARN_SUSPICIOUS_MOVE = YES;
				CLANG_WARN_UNGUARDED_AVAILABILITY = YES_AGGRESSIVE;
				CLANG_WARN_UNREACHABLE_CODE = YES;
				CLANG_WARN__DUPLICATE_METHOD_MATCH = YES;
				CODE_SIGN_IDENTITY = "iPhone Developer";
				COPY_PHASE_STRIP = NO;
				DEBUG_INFORMATION_FORMAT = dwarf;
				ENABLE_STRICT_OBJC_MSGSEND = YES;
				ENABLE_TESTABILITY = YES;
				FRAMEWORK_SEARCH_PATHS = "$(SRCROOT)";
				"FRAMEWORK_SEARCH_PATHS[arch=*]" = "$(SRCROOT)";
				GCC_C_LANGUAGE_STANDARD = gnu11;
				GCC_DYNAMIC_NO_PIC = NO;
				GCC_NO_COMMON_BLOCKS = YES;
				GCC_OPTIMIZATION_LEVEL = 0;
				GCC_PREPROCESSOR_DEFINITIONS = (
					"DEBUG=1",
					"$(inherited)",
				);
				GCC_WARN_64_TO_32_BIT_CONVERSION = YES;
				GCC_WARN_ABOUT_RETURN_TYPE = YES_ERROR;
				GCC_WARN_UNDECLARED_SELECTOR = YES;
				GCC_WARN_UNINITIALIZED_AUTOS = YES_AGGRESSIVE;
				GCC_WARN_UNUSED_FUNCTION = YES;
				GCC_WARN_UNUSED_VARIABLE = YES;
				IPHONEOS_DEPLOYMENT_TARGET = 11.2;
				MTL_ENABLE_DEBUG_INFO = YES;
				ONLY_ACTIVE_ARCH = NO;
				SDKROOT = iphoneos;
				SWIFT_ACTIVE_COMPILATION_CONDITIONS = DEBUG;
				SWIFT_OPTIMIZATION_LEVEL = "-Onone";
			};
			name = Debug;
		};
		D68D11C18547C9DC45D2E87ADD98D816 /* Release */ = {
			isa = XCBuildConfiguration;
			baseConfigurationReference = C4405AB186B19C26128BC6D3 /* Pods-FoodApp-ios-FoodApp-ios dev.release.xcconfig */;
			buildSettings = {
				ASSETCATALOG_COMPILER_APPICON_NAME = "AppIcon-dev";
				CODE_SIGN_STYLE = Automatic;
				DEVELOPMENT_TEAM = "";
				INFOPLIST_FILE = "$(SRCROOT)/Resources/dev-Info.plist";
				LD_RUNPATH_SEARCH_PATHS = "$(inherited) @executable_path/Frameworks";
				PRODUCT_BUNDLE_IDENTIFIER = "com.andela.FoodApp-ios";
				PRODUCT_NAME = "$(TARGET_NAME)";
				SWIFT_VERSION = 4.0;
				TARGETED_DEVICE_FAMILY = "1,2";
			};
			name = Release;
		};
/* End XCBuildConfiguration section */

/* Begin XCConfigurationList section */
		00F7815621B98DAFAA47994A2F26B71B /* Build configuration list for PBXNativeTarget "FoodApp-ios dev" */ = {
			isa = XCConfigurationList;
			buildConfigurations = (
				9FBA73481B9AE5A2281153677FF8DD52 /* Debug */,
				D68D11C18547C9DC45D2E87ADD98D816 /* Release */,
			);
			defaultConfigurationIsVisible = 0;
			defaultConfigurationName = Release;
		};
		0C890862C9AC76FB8541EB1E5E4BCF5D /* Build configuration list for PBXNativeTarget "FoodApp-ios" */ = {
			isa = XCConfigurationList;
			buildConfigurations = (
				4EBB0FF4E787D65CB909DD921573B3D7 /* Debug */,
				1286D4F7160CA7182FC26CE69B095EF5 /* Release */,
			);
			defaultConfigurationIsVisible = 0;
			defaultConfigurationName = Release;
		};
		316AF8F69D1F651A10EB63BD98AE2A23 /* Build configuration list for PBXProject "FoodApp-ios" */ = {
			isa = XCConfigurationList;
			buildConfigurations = (
				D492EFC49DCF750746A1D1269AB43F79 /* Debug */,
				2EB9804DB4EA916458A229BDCDC7C831 /* Release */,
			);
			defaultConfigurationIsVisible = 0;
			defaultConfigurationName = Release;
		};
		5BE4C8098E3060E29BB2BB9F85FEAE84 /* Build configuration list for PBXNativeTarget "FoodApp-iosTests" */ = {
			isa = XCConfigurationList;
			buildConfigurations = (
				36905A5BD3D961C384FB0C138B45315D /* Debug */,
				11817514C58375AAB1A289951CDFC06F /* Release */,
			);
			defaultConfigurationIsVisible = 0;
			defaultConfigurationName = Release;
		};
		D91B1338C109FB55076BF6C9C8D7E9E6 /* Build configuration list for PBXNativeTarget "FoodApp-iosUITests" */ = {
			isa = XCConfigurationList;
			buildConfigurations = (
				7A2EE2F8B968A9919C69D47088D2487E /* Debug */,
				2547F43AC5A43AC95DBF6BE78025D84A /* Release */,
			);
			defaultConfigurationIsVisible = 0;
			defaultConfigurationName = Release;
		};
/* End XCConfigurationList section */
	};
	rootObject = BFE4838E45925BD09ABE7AEFDB1FB87B /* Project object */;
}
